
Microsoft Visual Studio Solution File, Format Version 12.00
# Visual Studio Version 17
VisualStudioVersion = 17.6.33712.159
MinimumVisualStudioVersion = 10.0.40219.1
Project("{FAE04EC0-301F-11D3-BF4B-00C04F79EFBC}") = "webapp", "webapp.csproj", "{06DDA52A-9C5C-4B85-8245-D8B6992EB97E}"
EndProject
Global
	GlobalSection(SolutionConfigurationPlatforms) = preSolution
		Debug|Any CPU = Debug|Any CPU
		Release|Any CPU = Release|Any CPU
	EndGlobalSection
	GlobalSection(ProjectConfigurationPlatforms) = postSolution
		{06DDA52A-9C5C-4B85-8245-D8B6992EB97E}.Debug|Any CPU.ActiveCfg = Debug|Any CPU
		{06DDA52A-9C5C-4B85-8245-D8B6992EB97E}.Debug|Any CPU.Build.0 = Debug|Any CPU
		{06DDA52A-9C5C-4B85-8245-D8B6992EB97E}.Release|Any CPU.ActiveCfg = Release|Any CPU
		{06DDA52A-9C5C-4B85-8245-D8B6992EB97E}.Release|Any CPU.Build.0 = Release|Any CPU
	EndGlobalSection
	GlobalSection(SolutionProperties) = preSolution
		HideSolutionNode = FALSE
	EndGlobalSection
	GlobalSection(ExtensibilityGlobals) = postSolution
		SolutionGuid = {F5FDF21A-74A6-4367-9D52-E45B7EE63685}
	EndGlobalSection
EndGlobal
